[[package]]
category = "dev"
description = "Discover and load entry points from installed packages."
name = "entrypoints"
optional = false
python-versions = ">=2.7"
version = "0.3"

[[package]]
category = "dev"
description = "the modular source code checker: pep8, pyflakes and co"
name = "flake8"
optional = false
python-versions = ">=2.7, !=3.0.*, !=3.1.*, !=3.2.*, !=3.3.*"
version = "3.7.8"

[package.dependencies]
entrypoints = ">=0.3.0,<0.4.0"
mccabe = ">=0.6.0,<0.7.0"
pycodestyle = ">=2.5.0,<2.6.0"
pyflakes = ">=2.1.0,<2.2.0"

[[package]]
category = "dev"
description = "McCabe checker, plugin for flake8"
name = "mccabe"
optional = false
python-versions = "*"
version = "0.6.1"

[[package]]
category = "dev"
description = "Optional static typing for Python"
name = "mypy"
optional = false
python-versions = "*"
version = "0.720"

[package.dependencies]
mypy-extensions = ">=0.4.0,<0.5.0"
typed-ast = ">=1.4.0,<1.5.0"
typing-extensions = ">=3.7.4"

[[package]]
category = "dev"
description = "Experimental type system extensions for programs checked with the mypy typechecker."
name = "mypy-extensions"
optional = false
python-versions = "*"
version = "0.4.1"

[[package]]
category = "main"
description = "NumPy is the fundamental package for array computing with Python."
name = "numpy"
optional = false
python-versions = ">=3.5"
version = "1.17.0"

[[package]]
category = "main"
description = "Python interface for cairo"
name = "pycairo"
optional = false
python-versions = "*"
version = "1.18.1"

[[package]]
category = "dev"
description = "Python style guide checker"
name = "pycodestyle"
optional = false
python-versions = ">=2.7, !=3.0.*, !=3.1.*, !=3.2.*, !=3.3.*"
version = "2.5.0"

[[package]]
category = "dev"
description = "passive checker of Python programs"
name = "pyflakes"
optional = false
python-versions = ">=2.7, !=3.0.*, !=3.1.*, !=3.2.*, !=3.3.*"
version = "2.1.1"

[[package]]
category = "main"
description = "Python bindings for GObject Introspection"
name = "pygobject"
optional = false
python-versions = ">=2.7, !=3.0.*, !=3.1.*, !=3.2.*, !=3.3.*, !=3.4.*, <4"
version = "3.32.2"

[package.dependencies]
pycairo = ">=1.11.1"

[[package]]
category = "dev"
description = "a fork of Python 2 and 3 ast modules with type comment support"
name = "typed-ast"
optional = false
python-versions = "*"
version = "1.4.0"

[[package]]
category = "dev"
description = "Type Hints for Python"
name = "typing"
optional = false
python-versions = "*"
version = "3.7.4"

[[package]]
category = "dev"
description = "Backported and Experimental Type Hints for Python 3.5+"
name = "typing-extensions"
optional = false
python-versions = "*"
version = "3.7.4"

[package.dependencies]
typing = ">=3.7.4"

[metadata]
content-hash = "961c2209b03685bca14d05ecd88ec25b63f266b3cbd4709248cfb3f6bfdf5e38"
python-versions = "^3.7"

[metadata.hashes]
entrypoints = ["589f874b313739ad35be6e0cd7efde2a4e9b6fea91edcc34e58ecbb8dbe56d19", "c70dd71abe5a8c85e55e12c19bd91ccfeec11a6e99044204511f9ed547d48451"]
flake8 = ["19241c1cbc971b9962473e4438a2ca19749a7dd002dd1a946eaba171b4114548", "8e9dfa3cecb2400b3738a42c54c3043e821682b9c840b0448c0503f781130696"]
mccabe = ["ab8a6258860da4b6677da4bd2fe5dc2c659cff31b3ee4f7f5d64e79735b80d42", "dd8d182285a0fe56bace7f45b5e7d1a6ebcbf524e8f3bd87eb0f125271b8831f"]
mypy = ["0107bff4f46a289f0e4081d59b77cef1c48ea43da5a0dbf0005d54748b26df2a", "07957f5471b3bb768c61f08690c96d8a09be0912185a27a68700f3ede99184e4", "10af62f87b6921eac50271e667cc234162a194e742d8e02fc4ddc121e129a5b0", "11fd60d2f69f0cefbe53ce551acf5b1cec1a89e7ce2d47b4e95a84eefb2899ae", "15e43d3b1546813669bd1a6ec7e6a11d2888db938e0607f7b5eef6b976671339", "352c24ba054a89bb9a35dd064ee95ab9b12903b56c72a8d3863d882e2632dc76", "437020a39417e85e22ea8edcb709612903a9924209e10b3ec6d8c9f05b79f498", "49925f9da7cee47eebf3420d7c0e00ec662ec6abb2780eb0a16260a7ba25f9c4", "6724fcd5777aa6cebfa7e644c526888c9d639bd22edd26b2a8038c674a7c34bd", "7a17613f7ea374ab64f39f03257f22b5755335b73251d0d253687a69029701ba", "cdc1151ced496ca1496272da7fc356580e95f2682be1d32377c22ddebdf73c91"]
mypy-extensions = ["37e0e956f41369209a3d5f34580150bcacfabaa57b33a15c0b25f4b5725e0812", "b16cabe759f55e3409a7d231ebd2841378fb0c27a5d1994719e340e4f429ac3e"]
numpy = ["03e311b0a4c9f5755da7d52161280c6a78406c7be5c5cc7facfbcebb641efb7e", "0cdd229a53d2720d21175012ab0599665f8c9588b3b8ffa6095dd7b90f0691dd", "312bb18e95218bedc3563f26fcc9c1c6bfaaf9d453d15942c0839acdd7e4c473", "464b1c48baf49e8505b1bb754c47a013d2c305c5b14269b5c85ea0625b6a988a", "5adfde7bd3ee4864536e230bcab1c673f866736698724d5d28c11a4d63672658", "7724e9e31ee72389d522b88c0d4201f24edc34277999701ccd4a5392e7d8af61", "8d36f7c53ae741e23f54793ffefb2912340b800476eb0a831c6eb602e204c5c4", "910d2272403c2ea8a52d9159827dc9f7c27fb4b263749dca884e2e4a8af3b302", "951fefe2fb73f84c620bec4e001e80a80ddaa1b84dce244ded7f1e0cbe0ed34a", "9588c6b4157f493edeb9378788dcd02cb9e6a6aeaa518b511a1c79d06cbd8094", "9ce8300950f2f1d29d0e49c28ebfff0d2f1e2a7444830fbb0b913c7c08f31511", "be39cca66cc6806652da97103605c7b65ee4442c638f04ff064a7efd9a81d50a", "c3ab2d835b95ccb59d11dfcd56eb0480daea57cdf95d686d22eff35584bc4554", "eb0fc4a492cb896346c9e2c7a22eae3e766d407df3eb20f4ce027f23f76e4c54", "ec0c56eae6cee6299f41e780a0280318a93db519bbb2906103c43f3e2be1206c", "f4e4612de60a4f1c4d06c8c2857cdcb2b8b5289189a12053f37d3f41f06c60d0"]
pycairo = ["70172e58b6bad7572a3518c26729b074acdde15e6fee6cbab6d3528ad552b786"]
pycodestyle = ["95a2219d12372f05704562a14ec30bc76b05a5b297b21a5dfe3f6fac3491ae56", "e40a936c9a450ad81df37f549d676d127b1b66000a6c500caa2b085bc0ca976c"]
pyflakes = ["17dbeb2e3f4d772725c777fabc446d5634d1038f234e77343108ce445ea69ce0", "d976835886f8c5b31d47970ed689944a0262b5f3afa00a5a7b4dc81e5449f8a2"]
pygobject = ["fa82746df059b9e0dcf473e0a9ff0693aa5e064f1ca1e2c46b5ac815bceda1ad"]
typed-ast = ["18511a0b3e7922276346bcb47e2ef9f38fb90fd31cb9223eed42c85d1312344e", "262c247a82d005e43b5b7f69aff746370538e176131c32dda9cb0f324d27141e", "2b907eb046d049bcd9892e3076c7a6456c93a25bebfe554e931620c90e6a25b0", "354c16e5babd09f5cb0ee000d54cfa38401d8b8891eefa878ac772f827181a3c", "4e0b70c6fc4d010f8107726af5fd37921b666f5b31d9331f0bd24ad9a088e631", "630968c5cdee51a11c05a30453f8cd65e0cc1d2ad0d9192819df9978984529f4", "66480f95b8167c9c5c5c87f32cf437d585937970f3fc24386f313a4c97b44e34", "71211d26ffd12d63a83e079ff258ac9d56a1376a25bc80b1cdcdf601b855b90b", "95bd11af7eafc16e829af2d3df510cecfd4387f6453355188342c3e79a2ec87a", "bc6c7d3fa1325a0c6613512a093bc2a2a15aeec350451cbdf9e1d4bffe3e3233", "cc34a6f5b426748a507dd5d1de4c1978f2eb5626d51326e43280941206c209e1", "d755f03c1e4a51e9b24d899561fec4ccaf51f210d52abdf8c07ee2849b212a36", "d7c45933b1bdfaf9f36c579671fec15d25b06c8398f113dab64c18ed1adda01d", "d896919306dd0aa22d0132f62a1b78d11aaf4c9fc5b3410d3c666b818191630a", "ffde2fbfad571af120fcbfbbc61c72469e72f550d676c3342492a9dfdefb8f12"]
typing = ["38566c558a0a94d6531012c8e917b1b8518a41e418f7f15f00e129cc80162ad3", "53765ec4f83a2b720214727e319607879fec4acde22c4fbb54fa2604e79e44ce", "84698954b4e6719e912ef9a42a2431407fe3755590831699debda6fba92aac55"]
typing-extensions = ["2ed632b30bb54fc3941c382decfd0ee4148f5c591651c9272473fea2c6397d95", "b1edbbf0652660e32ae780ac9433f4231e7339c7f9a8057d0f042fcbcea49b87", "d8179012ec2c620d3791ca6fe2bf7979d979acdbef1fca0bc56b37411db682ed"]
